
Microsoft Visual Studio Solution File, Format Version 12.00
# Visual Studio Version 16
VisualStudioVersion = 16.0.31205.134
MinimumVisualStudioVersion = 10.0.40219.1
Project("{8BC9CEB8-8B4A-11D0-8D11-00A0C91BC942}") = "Euler-Fluid", "src\Euler-Fluid.vcxproj", "{808DBBCE-149A-44AE-BBC0-69C946F94560}"
EndProject
Global
	GlobalSection(SolutionConfigurationPlatforms) = preSolution
		Debug|x64 = Debug|x64
		Debug|x86 = Debug|x86
		Release|x64 = Release|x64
		Release|x86 = Release|x86
	EndGlobalSection
	GlobalSection(ProjectConfigurationPlatforms) = postSolution
		{808DBBCE-149A-44AE-BBC0-69C946F94560}.Debug|x64.ActiveCfg = Debug|x64
		{808DBBCE-149A-44AE-BBC0-69C946F94560}.Debug|x64.Build.0 = Debug|x64
		{808DBBCE-149A-44AE-BBC0-69C946F94560}.Debug|x86.ActiveCfg = Debug|Win32
		{808DBBCE-149A-44AE-BBC0-69C946F94560}.Debug|x86.Build.0 = Debug|Win32
		{808DBBCE-149A-44AE-BBC0-69C946F94560}.Release|x64.ActiveCfg = Release|x64
		{808DBBCE-149A-44AE-BBC0-69C946F94560}.Release|x64.Build.0 = Release|x64
		{808DBBCE-149A-44AE-BBC0-69C946F94560}.Release|x86.ActiveCfg = Release|Win32
		{808DBBCE-149A-44AE-BBC0-69C946F94560}.Release|x86.Build.0 = Release|Win32
	EndGlobalSection
	GlobalSection(SolutionProperties) = preSolution
		HideSolutionNode = FALSE
	EndGlobalSection
	GlobalSection(ExtensibilityGlobals) = postSolution
		SolutionGuid = {EA442686-E973-4563-9D2A-76F092FBE4BA}
	EndGlobalSection
EndGlobal
